git.schwanenlied.me/yawning/chacha20.git v0.0.0-20170904085104-e3b1f968fc63 h1:bwZNsbw3qFbg6ox55HrA37nPmh+/wtJxZ7uWeiAdUUc=
git.schwanenlied.me/yawning/chacha20.git v0.0.0-20170904085104-e3b1f968fc63/go.mod h1:NYi4Ifd1g/YbhIDgDfw6t7QdsW4tofQWMX/+FiDtJWs=
github.com/Yawning/chacha20 v0.0.0-20170904085104-e3b1f968fc63 h1:I6/SJSN9wJMJ+ZyQaCHUlzoTA4ypU5Bb44YWR1wTY/0=
github.com/Yawning/chacha20 v0.0.0-20170904085104-e3b1f968fc63/go.mod h1:nf+Komq6fVP4SwmKEaVGxHTyQGKREVlwjQKpvOV39yE=
github.com/Yawning/poly1305 v0.0.0-20151107134637-dfc796fe731c h1:JD5KufmlwGs/wsQhS1HrKKDMXYhLmp4XQvgoAoua4A0=
github.com/Yawning/poly1305 v0.0.0-20151107134637-dfc796fe731c/go.mod h1:CkwFWTKoa4/jtX6RLTogyqTlMn4898oEkv6j2Ai50+I=
github.com/dchest/siphash v1.2.1 h1:4cLinnzVJDKxTCl9B01807Yiy+W7ZzVHj/KIroQRvT4=
github.com/dchest/siphash v1.2.1/go.mod h1:q+IRvb2gOSrUnYoPqHiyHXS0FOBBOdl6tONBlVnOnt4=
github.com/minio/blake2b-simd v0.0.0-20160723061019-3f5f724cb5b1 h1:lYpkrQH5ajf0OXOcUbGjvZxxijuBwbbmlSxLiuofa+g=
github.com/minio/blake2b-simd v0.0.0-20160723061019-3f5f724cb5b1/go.mod h1:pD8RvIylQ358TN4wwqatJ8rNavkEINozVn9DtGI3dfQ=
golang.org/x/crypto v0.0.0-20181203042331-505ab145d0a9 h1:mKdxBk7AujPs8kU4m80U72y/zjbZ3UcXC7dClwKbUI0=
golang.org/x/crypto v0.0.0-20181203042331-505ab145d0a9/go.mod h1:6SG95UA2DQfeDnfUPMdvaQW0Q7yPrPDi9nlGo2tz2b4=
golang.org/x/sys v0.0.0-20181221143128-b4a75ba826a6 h1:IcgEB62HYgAhX0Nd/QrVgZlxlcyxbGQHElLUhW2X4Fo=
golang.org/x/sys v0.0.0-20181221143128-b4a75ba826a6/go.mod h1:STP8DvDyc/dI5b8T5hshtkjS+E42TnysNCUPdjciGhY=
